{"name":"sentiment-book","version":"0.1.0","lockfileVersion":3,"requires":true,"packages":{"":{"name":"sentiment-book","version":"0.1.0"},"node_modules/next":{"version":"16.3.5"},"node_modules/react":{"version":"19.2.8"},"node_modules/react-dom":{"version":"19.2.8"},"node_modules/recharts":{"version":"3.10.1"}}}